
Microsoft Visual Studio Solution File, Format Version 12.00
# Visual Studio Version 17
VisualStudioVersion = 17.11.35327.3
MinimumVisualStudioVersion = 10.0.40219.1
Project("{FAE04EC0-301F-11D3-BF4B-00C04F79EFBC}") = "22521160_KiemTraThucHanh", "22521160_KiemTraThucHanh\22521160_KiemTraThucHanh.csproj", "{9DFC8B7F-9F99-40CE-9945-B91D9D9DBC9A}"
EndProject
Global
	GlobalSection(SolutionConfigurationPlatforms) = preSolution
		Debug|Any CPU = Debug|Any CPU
		Release|Any CPU = Release|Any CPU
	EndGlobalSection
	GlobalSection(ProjectConfigurationPlatforms) = postSolution
		{9DFC8B7F-9F99-40CE-9945-B91D9D9DBC9A}.Debug|Any CPU.ActiveCfg = Debug|Any CPU
		{9DFC8B7F-9F99-40CE-9945-B91D9D9DBC9A}.Debug|Any CPU.Build.0 = Debug|Any CPU
		{9DFC8B7F-9F99-40CE-9945-B91D9D9DBC9A}.Release|Any CPU.ActiveCfg = Release|Any CPU
		{9DFC8B7F-9F99-40CE-9945-B91D9D9DBC9A}.Release|Any CPU.Build.0 = Release|Any CPU
	EndGlobalSection
	GlobalSection(SolutionProperties) = preSolution
		HideSolutionNode = FALSE
	EndGlobalSection
	GlobalSection(ExtensibilityGlobals) = postSolution
		SolutionGuid = {066A7A1A-46BB-4D2F-86FE-87EB7497A954}
	EndGlobalSection
EndGlobal
